# THIS IS AN AUTOGENERATED FILE. DO NOT EDIT THIS FILE DIRECTLY.
# yarn lockfile v1


"@prisma/client@2.28.0":
  version "2.28.0"
  resolved "https://registry.yarnpkg.com/@prisma/client/-/client-2.28.0.tgz#6cd91a3c2757814a9454ea23d7e33cd2ff3952db"
  integrity sha512-iwdxpy0Nz8N40MnhdlRvhZOBk8+GawpEsY5FU8Tfw1k9rvIeTAi+wBHrqhY8bXq6pneZkzrdQ1Hj3tqkrbRmoQ==
  dependencies:
    "@prisma/engines-version" "2.28.0-17.89facabd0366f63911d089156a7a70125bfbcd27"

"@prisma/engines-version@2.28.0-17.89facabd0366f63911d089156a7a70125bfbcd27":
  version "2.28.0-17.89facabd0366f63911d089156a7a70125bfbcd27"
  resolved "https://registry.yarnpkg.com/@prisma/engines-version/-/engines-version-2.28.0-17.89facabd0366f63911d089156a7a70125bfbcd27.tgz#6dbccdce64f792dbc21c99daef80ec03020c110d"
  integrity sha512-BWTvF1mGxjG8EtG215uhxdeW5Uf5aiH4xhfzcFPFC3Ux5BdEM1uEBrLIixX67mI+ZNhqNZSBPf0DSf2I1IsaZw==

"@prisma/engines@2.28.0-17.89facabd0366f63911d089156a7a70125bfbcd27":
  version "2.28.0-17.89facabd0366f63911d089156a7a70125bfbcd27"
  resolved "https://registry.yarnpkg.com/@prisma/engines/-/engines-2.28.0-17.89facabd0366f63911d089156a7a70125bfbcd27.tgz#5a563ead03405fc6ccb33fe48f8b3a8712be391e"
  integrity sha512-r3/EnwKjbu2qz13I98hPQQdeFrOEcwdjlrB9CcoSoqRCjSHLnpdVMUvRfYuRKIoEF7p941R7/Fov0/CxOLF/MQ==

prisma@^2.28.0:
  version "2.28.0"
  resolved "https://registry.yarnpkg.com/prisma/-/prisma-2.28.0.tgz#33adb56e336d4c4569ec2f49df9b606771df15d0"
  integrity sha512-f83KPLy3xk07KMY4e5otNwP2I+GsdftjOfu3e8snXylnyAC1oEpRZNe7rmONr0vAI+Qgz3LFRArhWUE/dFjKIA==
  dependencies:
    "@prisma/engines" "2.28.0-17.89facabd0366f63911d089156a7a70125bfbcd27"
